
Microsoft Visual Studio Solution File, Format Version 12.00
# Visual Studio Version 17
VisualStudioVersion = 17.7.33711.374
MinimumVisualStudioVersion = 10.0.40219.1
Project("{FAE04EC0-301F-11D3-BF4B-00C04F79EFBC}") = "GemSharp", "GemSharp.csproj", "{2B055B7F-1E37-46E8-9DEF-887718A3E56D}"
EndProject
Global
	GlobalSection(SolutionConfigurationPlatforms) = preSolution
		Debug|Any CPU = Debug|Any CPU
		Release|Any CPU = Release|Any CPU
	EndGlobalSection
	GlobalSection(ProjectConfigurationPlatforms) = postSolution
		{2B055B7F-1E37-46E8-9DEF-887718A3E56D}.Debug|Any CPU.ActiveCfg = Debug|Any CPU
		{2B055B7F-1E37-46E8-9DEF-887718A3E56D}.Debug|Any CPU.Build.0 = Debug|Any CPU
		{2B055B7F-1E37-46E8-9DEF-887718A3E56D}.Release|Any CPU.ActiveCfg = Release|Any CPU
		{2B055B7F-1E37-46E8-9DEF-887718A3E56D}.Release|Any CPU.Build.0 = Release|Any CPU
	EndGlobalSection
	GlobalSection(SolutionProperties) = preSolution
		HideSolutionNode = FALSE
	EndGlobalSection
	GlobalSection(ExtensibilityGlobals) = postSolution
		SolutionGuid = {63589DAE-1D8F-4D1C-B1AE-9101A9D80D70}
	EndGlobalSection
EndGlobal
